
Microsoft Visual Studio Solution File, Format Version 12.00
# Visual Studio 15
VisualStudioVersion = 15.0.26730.16
MinimumVisualStudioVersion = 10.0.40219.1
Project("{FAE04EC0-301F-11D3-BF4B-00C04F79EFBC}") = "nuget-mirror", "nuget-mirror\nuget-mirror.csproj", "{72E259B1-06C5-48BB-8272-1290E672ACDC}"
EndProject
Global
	GlobalSection(SolutionConfigurationPlatforms) = preSolution
		Debug|Any CPU = Debug|Any CPU
		Release|Any CPU = Release|Any CPU
	EndGlobalSection
	GlobalSection(ProjectConfigurationPlatforms) = postSolution
		{72E259B1-06C5-48BB-8272-1290E672ACDC}.Debug|Any CPU.ActiveCfg = Debug|Any CPU
		{72E259B1-06C5-48BB-8272-1290E672ACDC}.Debug|Any CPU.Build.0 = Debug|Any CPU
		{72E259B1-06C5-48BB-8272-1290E672ACDC}.Release|Any CPU.ActiveCfg = Release|Any CPU
		{72E259B1-06C5-48BB-8272-1290E672ACDC}.Release|Any CPU.Build.0 = Release|Any CPU
	EndGlobalSection
	GlobalSection(SolutionProperties) = preSolution
		HideSolutionNode = FALSE
	EndGlobalSection
	GlobalSection(ExtensibilityGlobals) = postSolution
		SolutionGuid = {9D6BD1CD-CF64-410B-B972-23C974EF8DEA}
	EndGlobalSection
EndGlobal
